
Microsoft Visual Studio Solution File, Format Version 12.00
# Visual Studio Version 17
VisualStudioVersion = 17.4.33122.133
MinimumVisualStudioVersion = 10.0.40219.1
Project("{FAE04EC0-301F-11D3-BF4B-00C04F79EFBC}") = "SchweinchendatenOcrToTable", "SchweinchendatenOcrToTable\SchweinchendatenOcrToTable.csproj", "{7F04580E-574C-4E61-9A60-811527818C77}"
EndProject
Global
	GlobalSection(SolutionConfigurationPlatforms) = preSolution
		Debug|Any CPU = Debug|Any CPU
		Release|Any CPU = Release|Any CPU
	EndGlobalSection
	GlobalSection(ProjectConfigurationPlatforms) = postSolution
		{7F04580E-574C-4E61-9A60-811527818C77}.Debug|Any CPU.ActiveCfg = Debug|Any CPU
		{7F04580E-574C-4E61-9A60-811527818C77}.Debug|Any CPU.Build.0 = Debug|Any CPU
		{7F04580E-574C-4E61-9A60-811527818C77}.Release|Any CPU.ActiveCfg = Release|Any CPU
		{7F04580E-574C-4E61-9A60-811527818C77}.Release|Any CPU.Build.0 = Release|Any CPU
	EndGlobalSection
	GlobalSection(SolutionProperties) = preSolution
		HideSolutionNode = FALSE
	EndGlobalSection
	GlobalSection(ExtensibilityGlobals) = postSolution
		SolutionGuid = {FAC05FA6-37EE-43C3-AAC2-2CF8562BDA5C}
	EndGlobalSection
EndGlobal
